
Microsoft Visual Studio Solution File, Format Version 12.00
# Visual Studio Version 16
VisualStudioVersion = 16.0.29230.47
MinimumVisualStudioVersion = 10.0.40219.1
Project("{F184B08F-C81C-45F6-A57F-5ABD9991F28F}") = "Zephyr", "Zephyr\Zephyr.vbproj", "{D93E2FD2-3CBB-4633-97BD-37571C4C79C2}"
EndProject
Global
	GlobalSection(SolutionConfigurationPlatforms) = preSolution
		Debug|Any CPU = Debug|Any CPU
		Release|Any CPU = Release|Any CPU
	EndGlobalSection
	GlobalSection(ProjectConfigurationPlatforms) = postSolution
		{D93E2FD2-3CBB-4633-97BD-37571C4C79C2}.Debug|Any CPU.ActiveCfg = Debug|Any CPU
		{D93E2FD2-3CBB-4633-97BD-37571C4C79C2}.Debug|Any CPU.Build.0 = Debug|Any CPU
		{D93E2FD2-3CBB-4633-97BD-37571C4C79C2}.Release|Any CPU.ActiveCfg = Release|Any CPU
		{D93E2FD2-3CBB-4633-97BD-37571C4C79C2}.Release|Any CPU.Build.0 = Release|Any CPU
	EndGlobalSection
	GlobalSection(SolutionProperties) = preSolution
		HideSolutionNode = FALSE
	EndGlobalSection
	GlobalSection(ExtensibilityGlobals) = postSolution
		SolutionGuid = {216E5110-FFB1-407A-B9E2-35E18D629FB6}
	EndGlobalSection
EndGlobal
